
Microsoft Visual Studio Solution File, Format Version 12.00
# Visual Studio Version 16
VisualStudioVersion = 16.0.31424.327
MinimumVisualStudioVersion = 10.0.40219.1
Project("{8BC9CEB8-8B4A-11D0-8D11-00A0C91BC942}") = "수 이어 쓰기 2", "수 이어 쓰기 2.vcxproj", "{72AAF612-6B68-4170-BBC8-E39683FD6A68}"
EndProject
Global
	GlobalSection(SolutionConfigurationPlatforms) = preSolution
		Debug|x64 = Debug|x64
		Debug|x86 = Debug|x86
		Release|x64 = Release|x64
		Release|x86 = Release|x86
	EndGlobalSection
	GlobalSection(ProjectConfigurationPlatforms) = postSolution
		{72AAF612-6B68-4170-BBC8-E39683FD6A68}.Debug|x64.ActiveCfg = Debug|x64
		{72AAF612-6B68-4170-BBC8-E39683FD6A68}.Debug|x64.Build.0 = Debug|x64
		{72AAF612-6B68-4170-BBC8-E39683FD6A68}.Debug|x86.ActiveCfg = Debug|Win32
		{72AAF612-6B68-4170-BBC8-E39683FD6A68}.Debug|x86.Build.0 = Debug|Win32
		{72AAF612-6B68-4170-BBC8-E39683FD6A68}.Release|x64.ActiveCfg = Release|x64
		{72AAF612-6B68-4170-BBC8-E39683FD6A68}.Release|x64.Build.0 = Release|x64
		{72AAF612-6B68-4170-BBC8-E39683FD6A68}.Release|x86.ActiveCfg = Release|Win32
		{72AAF612-6B68-4170-BBC8-E39683FD6A68}.Release|x86.Build.0 = Release|Win32
	EndGlobalSection
	GlobalSection(SolutionProperties) = preSolution
		HideSolutionNode = FALSE
	EndGlobalSection
	GlobalSection(ExtensibilityGlobals) = postSolution
		SolutionGuid = {7F1FD8EE-E06C-417D-9074-DF152D9CEEBD}
	EndGlobalSection
EndGlobal
