
Microsoft Visual Studio Solution File, Format Version 12.00
# Visual Studio Version 16
VisualStudioVersion = 16.0.31424.327
MinimumVisualStudioVersion = 10.0.40219.1
Project("{8BC9CEB8-8B4A-11D0-8D11-00A0C91BC942}") = "운동", "운동.vcxproj", "{27246D5D-52EF-4D4F-8173-17148FFB9974}"
EndProject
Global
	GlobalSection(SolutionConfigurationPlatforms) = preSolution
		Debug|x64 = Debug|x64
		Debug|x86 = Debug|x86
		Release|x64 = Release|x64
		Release|x86 = Release|x86
	EndGlobalSection
	GlobalSection(ProjectConfigurationPlatforms) = postSolution
		{27246D5D-52EF-4D4F-8173-17148FFB9974}.Debug|x64.ActiveCfg = Debug|x64
		{27246D5D-52EF-4D4F-8173-17148FFB9974}.Debug|x64.Build.0 = Debug|x64
		{27246D5D-52EF-4D4F-8173-17148FFB9974}.Debug|x86.ActiveCfg = Debug|Win32
		{27246D5D-52EF-4D4F-8173-17148FFB9974}.Debug|x86.Build.0 = Debug|Win32
		{27246D5D-52EF-4D4F-8173-17148FFB9974}.Release|x64.ActiveCfg = Release|x64
		{27246D5D-52EF-4D4F-8173-17148FFB9974}.Release|x64.Build.0 = Release|x64
		{27246D5D-52EF-4D4F-8173-17148FFB9974}.Release|x86.ActiveCfg = Release|Win32
		{27246D5D-52EF-4D4F-8173-17148FFB9974}.Release|x86.Build.0 = Release|Win32
	EndGlobalSection
	GlobalSection(SolutionProperties) = preSolution
		HideSolutionNode = FALSE
	EndGlobalSection
	GlobalSection(ExtensibilityGlobals) = postSolution
		SolutionGuid = {07CD8288-C128-45CA-B50A-85EC4208ADD7}
	EndGlobalSection
EndGlobal
